
Microsoft Visual Studio Solution File, Format Version 12.00
# Visual Studio Version 17
VisualStudioVersion = 17.5.002.0
MinimumVisualStudioVersion = 10.0.40219.1
Project("{9A19103F-16F7-4668-BE54-9A1E7A4F7556}") = "DependencyUpdater", "DependencyUpdater.csproj", "{4906D5F3-96AF-4620-A5B6-D470C4EFA1C6}"
EndProject
Global
	GlobalSection(SolutionConfigurationPlatforms) = preSolution
		Debug|Any CPU = Debug|Any CPU
		Release|Any CPU = Release|Any CPU
	EndGlobalSection
	GlobalSection(ProjectConfigurationPlatforms) = postSolution
		{4906D5F3-96AF-4620-A5B6-D470C4EFA1C6}.Debug|Any CPU.ActiveCfg = Debug|Any CPU
		{4906D5F3-96AF-4620-A5B6-D470C4EFA1C6}.Debug|Any CPU.Build.0 = Debug|Any CPU
		{4906D5F3-96AF-4620-A5B6-D470C4EFA1C6}.Release|Any CPU.ActiveCfg = Release|Any CPU
		{4906D5F3-96AF-4620-A5B6-D470C4EFA1C6}.Release|Any CPU.Build.0 = Release|Any CPU
	EndGlobalSection
	GlobalSection(SolutionProperties) = preSolution
		HideSolutionNode = FALSE
	EndGlobalSection
	GlobalSection(ExtensibilityGlobals) = postSolution
		SolutionGuid = {5BBF845C-A853-4FDC-837F-32CEDF2CD1E5}
	EndGlobalSection
EndGlobal
